
Microsoft Visual Studio Solution File, Format Version 12.00
# Visual Studio 14
VisualStudioVersion = 14.0.25123.0
MinimumVisualStudioVersion = 10.0.40219.1
Project("{FAE04EC0-301F-11D3-BF4B-00C04F79EFBC}") = "PdfSplitter", "PdfSplitter\PdfSplitter.csproj", "{20ABEBAA-1E8C-4F90-8E81-25A06C1295F3}"
EndProject
Project("{FAE04EC0-301F-11D3-BF4B-00C04F79EFBC}") = "PdfSplitter.Tests", "PdfSplitter.Tests\PdfSplitter.Tests.csproj", "{C49E9319-8B88-404E-B937-51EFC21C3334}"
EndProject
Global
	GlobalSection(SolutionConfigurationPlatforms) = preSolution
		Debug|Any CPU = Debug|Any CPU
		Release|Any CPU = Release|Any CPU
	EndGlobalSection
	GlobalSection(ProjectConfigurationPlatforms) = postSolution
		{20ABEBAA-1E8C-4F90-8E81-25A06C1295F3}.Debug|Any CPU.ActiveCfg = Debug|Any CPU
		{20ABEBAA-1E8C-4F90-8E81-25A06C1295F3}.Debug|Any CPU.Build.0 = Debug|Any CPU
		{20ABEBAA-1E8C-4F90-8E81-25A06C1295F3}.Release|Any CPU.ActiveCfg = Release|Any CPU
		{20ABEBAA-1E8C-4F90-8E81-25A06C1295F3}.Release|Any CPU.Build.0 = Release|Any CPU
		{C49E9319-8B88-404E-B937-51EFC21C3334}.Debug|Any CPU.ActiveCfg = Debug|Any CPU
		{C49E9319-8B88-404E-B937-51EFC21C3334}.Debug|Any CPU.Build.0 = Debug|Any CPU
		{C49E9319-8B88-404E-B937-51EFC21C3334}.Release|Any CPU.ActiveCfg = Release|Any CPU
		{C49E9319-8B88-404E-B937-51EFC21C3334}.Release|Any CPU.Build.0 = Release|Any CPU
	EndGlobalSection
	GlobalSection(SolutionProperties) = preSolution
		HideSolutionNode = FALSE
	EndGlobalSection
EndGlobal
